
Microsoft Visual Studio Solution File, Format Version 12.00
# Visual Studio Version 16
VisualStudioVersion = 16.0.31205.134
MinimumVisualStudioVersion = 10.0.40219.1
Project("{FAE04EC0-301F-11D3-BF4B-00C04F79EFBC}") = "WPF CSharpXAML hw1", "WPF CSharpXAML hw1\WPF CSharpXAML hw1.csproj", "{83CAF0D1-D6DA-420C-97E2-D2773185C1ED}"
EndProject
Global
	GlobalSection(SolutionConfigurationPlatforms) = preSolution
		Debug|Any CPU = Debug|Any CPU
		Release|Any CPU = Release|Any CPU
	EndGlobalSection
	GlobalSection(ProjectConfigurationPlatforms) = postSolution
		{83CAF0D1-D6DA-420C-97E2-D2773185C1ED}.Debug|Any CPU.ActiveCfg = Debug|Any CPU
		{83CAF0D1-D6DA-420C-97E2-D2773185C1ED}.Debug|Any CPU.Build.0 = Debug|Any CPU
		{83CAF0D1-D6DA-420C-97E2-D2773185C1ED}.Release|Any CPU.ActiveCfg = Release|Any CPU
		{83CAF0D1-D6DA-420C-97E2-D2773185C1ED}.Release|Any CPU.Build.0 = Release|Any CPU
	EndGlobalSection
	GlobalSection(SolutionProperties) = preSolution
		HideSolutionNode = FALSE
	EndGlobalSection
	GlobalSection(ExtensibilityGlobals) = postSolution
		SolutionGuid = {1BC9BF5F-9541-4D13-86A9-2BAB8745FEAC}
	EndGlobalSection
EndGlobal
